
Microsoft Visual Studio Solution File, Format Version 12.00
# Visual Studio Version 17
VisualStudioVersion = 17.11.35222.181
MinimumVisualStudioVersion = 10.0.40219.1
Project("{FAE04EC0-301F-11D3-BF4B-00C04F79EFBC}") = "Kvanto", "Kvanto\Kvanto.csproj", "{BC56681D-C5EE-4B7D-AE42-B4A82554AFF4}"
EndProject
Global
	GlobalSection(SolutionConfigurationPlatforms) = preSolution
		Debug|x64 = Debug|x64
		Release|x64 = Release|x64
	EndGlobalSection
	GlobalSection(ProjectConfigurationPlatforms) = postSolution
		{BC56681D-C5EE-4B7D-AE42-B4A82554AFF4}.Debug|x64.ActiveCfg = Debug|x64
		{BC56681D-C5EE-4B7D-AE42-B4A82554AFF4}.Debug|x64.Build.0 = Debug|x64
		{BC56681D-C5EE-4B7D-AE42-B4A82554AFF4}.Debug|x64.Deploy.0 = Debug|x64
		{BC56681D-C5EE-4B7D-AE42-B4A82554AFF4}.Release|x64.ActiveCfg = Release|x64
		{BC56681D-C5EE-4B7D-AE42-B4A82554AFF4}.Release|x64.Build.0 = Release|x64
		{BC56681D-C5EE-4B7D-AE42-B4A82554AFF4}.Release|x64.Deploy.0 = Release|x64
	EndGlobalSection
	GlobalSection(SolutionProperties) = preSolution
		HideSolutionNode = FALSE
	EndGlobalSection
EndGlobal
